
Microsoft Visual Studio Solution File, Format Version 12.00
# Visual Studio 15
VisualStudioVersion = 15.0.26730.16
MinimumVisualStudioVersion = 10.0.40219.1
Project("{9A19103F-16F7-4668-BE54-9A1E7A4F7556}") = "Library", "Library\Library.csproj", "{00AF788B-40A8-4890-879D-D1F21B310A07}"
EndProject
Project("{9A19103F-16F7-4668-BE54-9A1E7A4F7556}") = "LibraryData", "LibraryData\LibraryData.csproj", "{3FCA9307-C730-4FF8-857A-1B0DCB88E83F}"
EndProject
Project("{FAE04EC0-301F-11D3-BF4B-00C04F79EFBC}") = "LibraryServices", "LibraryServices\LibraryServices.csproj", "{1FE8B5E1-9D63-4B42-9A2D-E89EBA0D7D94}"
EndProject
Global
	GlobalSection(SolutionConfigurationPlatforms) = preSolution
		Debug|Any CPU = Debug|Any CPU
		Release|Any CPU = Release|Any CPU
	EndGlobalSection
	GlobalSection(ProjectConfigurationPlatforms) = postSolution
		{00AF788B-40A8-4890-879D-D1F21B310A07}.Debug|Any CPU.ActiveCfg = Debug|Any CPU
		{00AF788B-40A8-4890-879D-D1F21B310A07}.Debug|Any CPU.Build.0 = Debug|Any CPU
		{00AF788B-40A8-4890-879D-D1F21B310A07}.Release|Any CPU.ActiveCfg = Release|Any CPU
		{00AF788B-40A8-4890-879D-D1F21B310A07}.Release|Any CPU.Build.0 = Release|Any CPU
		{3FCA9307-C730-4FF8-857A-1B0DCB88E83F}.Debug|Any CPU.ActiveCfg = Debug|Any CPU
		{3FCA9307-C730-4FF8-857A-1B0DCB88E83F}.Debug|Any CPU.Build.0 = Debug|Any CPU
		{3FCA9307-C730-4FF8-857A-1B0DCB88E83F}.Release|Any CPU.ActiveCfg = Release|Any CPU
		{3FCA9307-C730-4FF8-857A-1B0DCB88E83F}.Release|Any CPU.Build.0 = Release|Any CPU
		{1FE8B5E1-9D63-4B42-9A2D-E89EBA0D7D94}.Debug|Any CPU.ActiveCfg = Debug|Any CPU
		{1FE8B5E1-9D63-4B42-9A2D-E89EBA0D7D94}.Debug|Any CPU.Build.0 = Debug|Any CPU
		{1FE8B5E1-9D63-4B42-9A2D-E89EBA0D7D94}.Release|Any CPU.ActiveCfg = Release|Any CPU
		{1FE8B5E1-9D63-4B42-9A2D-E89EBA0D7D94}.Release|Any CPU.Build.0 = Release|Any CPU
	EndGlobalSection
	GlobalSection(SolutionProperties) = preSolution
		HideSolutionNode = FALSE
	EndGlobalSection
	GlobalSection(ExtensibilityGlobals) = postSolution
		SolutionGuid = {6281F076-6563-4E55-AB58-CDFA0C789A3A}
	EndGlobalSection
EndGlobal
